// !$*UTF8*$!
{ archiveVersion = 1; classes = {}; objectVersion = 56; objects = {
00000000000000000000000A = { isa = PBXFileReference; lastKnownFileType = sourcecode.swift; path = EthicaApp.swift; sourceTree = "<group>"; };
000000000000000000000014 = { isa = PBXBuildFile; fileRef = 00000000000000000000000A; };
00000000000000000000000B = { isa = PBXFileReference; lastKnownFileType = sourcecode.swift; path = MockStore.swift; sourceTree = "<group>"; };
000000000000000000000015 = { isa = PBXBuildFile; fileRef = 00000000000000000000000B; };
00000000000000000000001E = { isa = PBXFileReference; lastKnownFileType = image.jpeg; path = Resources/kant.jpg; sourceTree = "<group>"; };
00000000000000000000001F = { isa = PBXBuildFile; fileRef = 00000000000000000000001E; };
000000000000000000000020 = { isa = PBXFileReference; explicitFileType = wrapper.application; path = Ethica.app; sourceTree = BUILT_PRODUCTS_DIR; };
000000000000000000000028 = { isa = PBXSourcesBuildPhase; buildActionMask = 2147483647; files = (000000000000000000000014,000000000000000000000015,); runOnlyForDeploymentPostprocessing = 0; };
000000000000000000000029 = { isa = PBXResourcesBuildPhase; buildActionMask = 2147483647; files = (00000000000000000000001F,); runOnlyForDeploymentPostprocessing = 0; };
00000000000000000000002A = { isa = PBXFrameworksBuildPhase; buildActionMask = 2147483647; files = (); runOnlyForDeploymentPostprocessing = 0; };
000000000000000000000032 = { isa = PBXGroup; path = Ethica; sourceTree = "<group>"; children = (00000000000000000000000A,00000000000000000000000B,00000000000000000000001E,); };
000000000000000000000033 = { isa = PBXGroup; name = Products; sourceTree = "<group>"; children = (000000000000000000000020,); };
000000000000000000000034 = { isa = PBXGroup; sourceTree = "<group>"; children = (000000000000000000000032,000000000000000000000033,); };
00000000000000000000003C = { isa = XCBuildConfiguration; name = Debug; buildSettings = { CLANG_ENABLE_MODULES = YES; SDKROOT = iphoneos; IPHONEOS_DEPLOYMENT_TARGET = 16.0; SWIFT_VERSION = 5.0; }; };
00000000000000000000003E = { isa = XCBuildConfiguration; name = Debug; buildSettings = { PRODUCT_BUNDLE_IDENTIFIER = com.ethica.preview; PRODUCT_NAME = "$(TARGET_NAME)"; GENERATE_INFOPLIST_FILE = YES; INFOPLIST_KEY_CFBundleDisplayName = Ethica; INFOPLIST_KEY_LSApplicationCategoryType = "public.app-category.education"; INFOPLIST_KEY_UILaunchScreen_Generation = YES; INFOPLIST_KEY_UIApplicationSceneManifest_Generation = YES; INFOPLIST_KEY_UISupportedInterfaceOrientations = UIInterfaceOrientationPortrait; TARGETED_DEVICE_FAMILY = 1; SUPPORTED_PLATFORMS = "iphoneos iphonesimulator"; SWIFT_EMIT_LOC_STRINGS = YES; CODE_SIGN_STYLE = Automatic; MARKETING_VERSION = 0.1.0; CURRENT_PROJECT_VERSION = 1; SWIFT_OPTIMIZATION_LEVEL = "-Onone"; SWIFT_ACTIVE_COMPILATION_CONDITIONS = "DEBUG $(inherited)"; }; };
00000000000000000000003D = { isa = XCBuildConfiguration; name = Release; buildSettings = { CLANG_ENABLE_MODULES = YES; SDKROOT = iphoneos; IPHONEOS_DEPLOYMENT_TARGET = 16.0; SWIFT_VERSION = 5.0; }; };
00000000000000000000003F = { isa = XCBuildConfiguration; name = Release; buildSettings = { PRODUCT_BUNDLE_IDENTIFIER = com.ethica.preview; PRODUCT_NAME = "$(TARGET_NAME)"; GENERATE_INFOPLIST_FILE = YES; INFOPLIST_KEY_CFBundleDisplayName = Ethica; INFOPLIST_KEY_LSApplicationCategoryType = "public.app-category.education"; INFOPLIST_KEY_UILaunchScreen_Generation = YES; INFOPLIST_KEY_UIApplicationSceneManifest_Generation = YES; INFOPLIST_KEY_UISupportedInterfaceOrientations = UIInterfaceOrientationPortrait; TARGETED_DEVICE_FAMILY = 1; SUPPORTED_PLATFORMS = "iphoneos iphonesimulator"; SWIFT_EMIT_LOC_STRINGS = YES; CODE_SIGN_STYLE = Automatic; MARKETING_VERSION = 0.1.0; CURRENT_PROJECT_VERSION = 1; SWIFT_OPTIMIZATION_LEVEL = "-O"; SWIFT_ACTIVE_COMPILATION_CONDITIONS = "$(inherited)"; }; };
000000000000000000000040 = { isa = XCConfigurationList; buildConfigurations = (00000000000000000000003C,00000000000000000000003D,); defaultConfigurationIsVisible = 0; defaultConfigurationName = Release; };
000000000000000000000041 = { isa = XCConfigurationList; buildConfigurations = (00000000000000000000003E,00000000000000000000003F,); defaultConfigurationIsVisible = 0; defaultConfigurationName = Release; };
000000000000000000000046 = { isa = PBXNativeTarget; buildConfigurationList = 000000000000000000000041; buildPhases = (000000000000000000000028,00000000000000000000002A,000000000000000000000029,); buildRules = (); dependencies = (); name = Ethica; productName = Ethica; productReference = 000000000000000000000020; productType = "com.apple.product-type.application"; };
000000000000000000000001 = { isa = PBXProject; attributes = { LastUpgradeCheck = 2630; }; buildConfigurationList = 000000000000000000000040; compatibilityVersion = "Xcode 14.0"; developmentRegion = ko; hasScannedForEncodings = 0; knownRegions = (ko,en,Base); mainGroup = 000000000000000000000034; productRefGroup = 000000000000000000000033; projectDirPath = ""; projectRoot = ""; targets = (000000000000000000000046,); };
}; rootObject = 000000000000000000000001; }
