// !$*UTF8*$!
{ archiveVersion = 1; classes = {}; objectVersion = 56; objects = {
00000000000000000000000A = { isa = PBXFileReference; lastKnownFileType = sourcecode.swift; path = EthicaApp.swift; sourceTree = "<group>"; };
000000000000000000000014 = { isa = PBXBuildFile; fileRef = 00000000000000000000000A; };
00000000000000000000000B = { isa = PBXFileReference; lastKnownFileType = sourcecode.swift; path = MockStore.swift; sourceTree = "<group>"; };
000000000000000000000015 = { isa = PBXBuildFile; fileRef = 00000000000000000000000B; };
00000000000000000000001E = { isa = PBXFileReference; lastKnownFileType = image.jpeg; path = Resources/kant.jpg; sourceTree = "<group>"; };
00000000000000000000001F = { isa = PBXBuildFile; fileRef = 00000000000000000000001E; };
000000000000000000000020 = { isa = PBXFileReference; explicitFileType = wrapper.application; path = Ethica.app; sourceTree = BUILT_PRODUCTS_DIR; };
000000000000000000000028 = { isa = PBXSourcesBuildPhase; buildActionMask = 2147483647; files = (000000000000000000000405,000000000000000000000403,000000000000000000000401,000000000000000000000321,000000000000000000000014,000000000000000000000015,000000000000000000000066,000000000000000000000068,00000000000000000000006A,00000000000000000000006C,00000000000000000000006E,000000000000000000000070,000000000000000000000072,000000000000000000000074,000000000000000000000076,000000000000000000000078,00000000000000000000007A,00000000000000000000007C,00000000000000000000007E,); runOnlyForDeploymentPostprocessing = 0; };
000000000000000000000029 = { isa = PBXResourcesBuildPhase; buildActionMask = 2147483647; files = (000000000000000000000431,000000000000000000000421,000000000000000000000411,000000000000000000000407,000000000000000000000409,00000000000000000000001F,); runOnlyForDeploymentPostprocessing = 0; };
00000000000000000000002A = { isa = PBXFrameworksBuildPhase; buildActionMask = 2147483647; files = (000000000000000000000081,000000000000000000000083,000000000000000000000086,000000000000000000000088,00000000000000000000008A,00000000000000000000008D,00000000000000000000008F,); runOnlyForDeploymentPostprocessing = 0; };
000000000000000000000032 = { isa = PBXGroup; path = Ethica; sourceTree = "<group>"; children = (000000000000000000000430,000000000000000000000420,000000000000000000000410,000000000000000000000406,000000000000000000000408,000000000000000000000404,000000000000000000000402,000000000000000000000400,000000000000000000000320,00000000000000000000000A,00000000000000000000000B,00000000000000000000001E,000000000000000000000065,000000000000000000000067,000000000000000000000069,00000000000000000000006B,00000000000000000000006D,00000000000000000000006F,000000000000000000000071,000000000000000000000073,000000000000000000000075,000000000000000000000077,000000000000000000000079,00000000000000000000007B,00000000000000000000007D,); };
000000000000000000000033 = { isa = PBXGroup; name = Products; sourceTree = "<group>"; children = (00000000000000000000055D,00000000000000000000025D,000000000000000000000020,000000000000000000000096,); };
000000000000000000000034 = { isa = PBXGroup; sourceTree = "<group>"; children = (000000000000000000000559,000000000000000000000259,000000000000000000000032,000000000000000000000033,000000000000000000000093,000000000000000000000090,000000000000000000000091,); };
00000000000000000000003C = { isa = XCBuildConfiguration; name = Debug; buildSettings = { ONLY_ACTIVE_ARCH = YES; CLANG_ENABLE_MODULES = YES; SDKROOT = iphoneos; IPHONEOS_DEPLOYMENT_TARGET = 16.0; SWIFT_VERSION = 5.0; }; };
00000000000000000000003E = { isa = XCBuildConfiguration; baseConfigurationReference = 000000000000000000000090; name = Debug; buildSettings = { ASSETCATALOG_COMPILER_APPICON_NAME = AppIcon; INFOPLIST_FILE = Configuration/DebugInfo.plist; CODE_SIGN_ENTITLEMENTS = Ethica/Ethica.entitlements; ENABLE_USER_SCRIPT_SANDBOXING = NO; PRODUCT_BUNDLE_IDENTIFIER = com.ethica.preview; PRODUCT_NAME = "$(TARGET_NAME)"; GENERATE_INFOPLIST_FILE = YES; INFOPLIST_KEY_CFBundleDisplayName = Ethica; INFOPLIST_KEY_LSApplicationCategoryType = "public.app-category.education"; INFOPLIST_KEY_UIApplicationSceneManifest_Generation = YES; INFOPLIST_KEY_UISupportedInterfaceOrientations = UIInterfaceOrientationPortrait; TARGETED_DEVICE_FAMILY = 1; SUPPORTED_PLATFORMS = "iphoneos iphonesimulator"; SWIFT_EMIT_LOC_STRINGS = YES; CODE_SIGN_STYLE = Automatic; MARKETING_VERSION = 1.0; CURRENT_PROJECT_VERSION = 1; ENABLE_TESTABILITY = YES; SWIFT_OPTIMIZATION_LEVEL = "-Onone"; SWIFT_ACTIVE_COMPILATION_CONDITIONS = "DEBUG $(inherited)"; }; };
00000000000000000000003D = { isa = XCBuildConfiguration; name = Release; buildSettings = { CLANG_ENABLE_MODULES = YES; SDKROOT = iphoneos; IPHONEOS_DEPLOYMENT_TARGET = 16.0; SWIFT_VERSION = 5.0; }; };
00000000000000000000003F = { isa = XCBuildConfiguration; baseConfigurationReference = 000000000000000000000091; name = Release; buildSettings = { ASSETCATALOG_COMPILER_APPICON_NAME = AppIcon; INFOPLIST_FILE = Configuration/ReleaseInfo.plist; CODE_SIGN_ENTITLEMENTS = Ethica/Ethica.entitlements; ENABLE_USER_SCRIPT_SANDBOXING = NO; PRODUCT_BUNDLE_IDENTIFIER = com.ethica.preview; PRODUCT_NAME = "$(TARGET_NAME)"; GENERATE_INFOPLIST_FILE = YES; INFOPLIST_KEY_CFBundleDisplayName = Ethica; INFOPLIST_KEY_LSApplicationCategoryType = "public.app-category.education"; INFOPLIST_KEY_UIApplicationSceneManifest_Generation = YES; INFOPLIST_KEY_UISupportedInterfaceOrientations = UIInterfaceOrientationPortrait; TARGETED_DEVICE_FAMILY = 1; SUPPORTED_PLATFORMS = "iphoneos iphonesimulator"; SWIFT_EMIT_LOC_STRINGS = YES; CODE_SIGN_STYLE = Automatic; MARKETING_VERSION = 1.0; CURRENT_PROJECT_VERSION = 1; SWIFT_OPTIMIZATION_LEVEL = "-O"; SWIFT_ACTIVE_COMPILATION_CONDITIONS = "$(inherited)"; }; };
000000000000000000000040 = { isa = XCConfigurationList; buildConfigurations = (00000000000000000000003C,00000000000000000000003D,); defaultConfigurationIsVisible = 0; defaultConfigurationName = Release; };
000000000000000000000041 = { isa = XCConfigurationList; buildConfigurations = (00000000000000000000003E,00000000000000000000003F,); defaultConfigurationIsVisible = 0; defaultConfigurationName = Release; };
000000000000000000000046 = { isa = PBXNativeTarget; buildConfigurationList = 000000000000000000000041; buildPhases = (000000000000000000000028,00000000000000000000002A,000000000000000000000029,000000000000000000000092,0000000000000000000000A0,); buildRules = (); dependencies = (00000000000000000000009E,); name = Ethica; packageProductDependencies = (000000000000000000000080,000000000000000000000082,000000000000000000000085,000000000000000000000087,000000000000000000000089,00000000000000000000008C,00000000000000000000008E,); productName = Ethica; productReference = 000000000000000000000020; productType = "com.apple.product-type.application"; };
000000000000000000000001 = { isa = PBXProject; attributes = { LastUpgradeCheck = 2630; }; buildConfigurationList = 000000000000000000000040; compatibilityVersion = "Xcode 14.0"; developmentRegion = ko; hasScannedForEncodings = 0; knownRegions = (ko,en,Base); mainGroup = 000000000000000000000034; productRefGroup = 000000000000000000000033; packageReferences = (00000000000000000000007F,000000000000000000000084,00000000000000000000008B,); projectDirPath = ""; projectRoot = ""; targets = (000000000000000000000563,000000000000000000000263,000000000000000000000046,00000000000000000000009C,); };

000000000000000000000430 = { isa = PBXFileReference; lastKnownFileType = text.json; path = "../server/src/support/legal-drafts.json"; sourceTree = SOURCE_ROOT; };
000000000000000000000431 = { isa = PBXBuildFile; fileRef = 000000000000000000000430; };

000000000000000000000065 = { isa = PBXFileReference; lastKnownFileType = sourcecode.swift; path = Live/APIClient.swift; sourceTree = "<group>"; };
000000000000000000000066 = { isa = PBXBuildFile; fileRef = 000000000000000000000065; };
000000000000000000000067 = { isa = PBXFileReference; lastKnownFileType = sourcecode.swift; path = Live/AdminViews.swift; sourceTree = "<group>"; };
000000000000000000000068 = { isa = PBXBuildFile; fileRef = 000000000000000000000067; };
000000000000000000000069 = { isa = PBXFileReference; lastKnownFileType = sourcecode.swift; path = Live/AppSession.swift; sourceTree = "<group>"; };
00000000000000000000006A = { isa = PBXBuildFile; fileRef = 000000000000000000000069; };
00000000000000000000006B = { isa = PBXFileReference; lastKnownFileType = sourcecode.swift; path = Live/Components.swift; sourceTree = "<group>"; };
00000000000000000000006C = { isa = PBXBuildFile; fileRef = 00000000000000000000006B; };
00000000000000000000006D = { isa = PBXFileReference; lastKnownFileType = sourcecode.swift; path = Live/DailyAndAnalysis.swift; sourceTree = "<group>"; };
00000000000000000000006E = { isa = PBXBuildFile; fileRef = 00000000000000000000006D; };
00000000000000000000006F = { isa = PBXFileReference; lastKnownFileType = sourcecode.swift; path = Live/LearningAndArchive.swift; sourceTree = "<group>"; };
000000000000000000000070 = { isa = PBXBuildFile; fileRef = 00000000000000000000006F; };
000000000000000000000071 = { isa = PBXFileReference; lastKnownFileType = sourcecode.swift; path = Live/LiveApp.swift; sourceTree = "<group>"; };
000000000000000000000072 = { isa = PBXBuildFile; fileRef = 000000000000000000000071; };
000000000000000000000073 = { isa = PBXFileReference; lastKnownFileType = sourcecode.swift; path = Live/Models.swift; sourceTree = "<group>"; };
000000000000000000000074 = { isa = PBXBuildFile; fileRef = 000000000000000000000073; };
000000000000000000000075 = { isa = PBXFileReference; lastKnownFileType = sourcecode.swift; path = Live/OnboardingFlow.swift; sourceTree = "<group>"; };
000000000000000000000076 = { isa = PBXBuildFile; fileRef = 000000000000000000000075; };
000000000000000000000077 = { isa = PBXFileReference; lastKnownFileType = sourcecode.swift; path = Live/PushNotifications.swift; sourceTree = "<group>"; };
000000000000000000000078 = { isa = PBXBuildFile; fileRef = 000000000000000000000077; };
000000000000000000000079 = { isa = PBXFileReference; lastKnownFileType = sourcecode.swift; path = Live/SettingsAndSupport.swift; sourceTree = "<group>"; };
00000000000000000000007A = { isa = PBXBuildFile; fileRef = 000000000000000000000079; };
00000000000000000000007B = { isa = PBXFileReference; lastKnownFileType = sourcecode.swift; path = Live/SocialAuthentication.swift; sourceTree = "<group>"; };
00000000000000000000007C = { isa = PBXBuildFile; fileRef = 00000000000000000000007B; };
00000000000000000000007D = { isa = PBXFileReference; lastKnownFileType = sourcecode.swift; path = Live/WidgetSnapshot.swift; sourceTree = "<group>"; };
00000000000000000000007E = { isa = PBXBuildFile; fileRef = 00000000000000000000007D; };
00000000000000000000007F = { isa = XCRemoteSwiftPackageReference; repositoryURL = "https://github.com/google/GoogleSignIn-iOS.git"; requirement = {kind = exactVersion; version = 10.0.0; }; };
000000000000000000000080 = { isa = XCSwiftPackageProductDependency; package = 00000000000000000000007F; productName = GoogleSignIn; };
000000000000000000000081 = { isa = PBXBuildFile; productRef = 000000000000000000000080; };
000000000000000000000082 = { isa = XCSwiftPackageProductDependency; package = 00000000000000000000007F; productName = GoogleSignInSwift; };
000000000000000000000083 = { isa = PBXBuildFile; productRef = 000000000000000000000082; };
000000000000000000000084 = { isa = XCRemoteSwiftPackageReference; repositoryURL = "https://github.com/kakao/kakao-ios-sdk.git"; requirement = {kind = exactVersion; version = 2.29.0; }; };
000000000000000000000085 = { isa = XCSwiftPackageProductDependency; package = 000000000000000000000084; productName = KakaoSDKCommon; };
000000000000000000000086 = { isa = PBXBuildFile; productRef = 000000000000000000000085; };
000000000000000000000087 = { isa = XCSwiftPackageProductDependency; package = 000000000000000000000084; productName = KakaoSDKAuth; };
000000000000000000000088 = { isa = PBXBuildFile; productRef = 000000000000000000000087; };
000000000000000000000089 = { isa = XCSwiftPackageProductDependency; package = 000000000000000000000084; productName = KakaoSDKUser; };
00000000000000000000008A = { isa = PBXBuildFile; productRef = 000000000000000000000089; };
00000000000000000000008B = { isa = XCRemoteSwiftPackageReference; repositoryURL = "https://github.com/firebase/firebase-ios-sdk.git"; requirement = {kind = exactVersion; version = 12.19.2; }; };
00000000000000000000008C = { isa = XCSwiftPackageProductDependency; package = 00000000000000000000008B; productName = FirebaseCore; };
00000000000000000000008D = { isa = PBXBuildFile; productRef = 00000000000000000000008C; };
00000000000000000000008E = { isa = XCSwiftPackageProductDependency; package = 00000000000000000000008B; productName = FirebaseMessaging; };
00000000000000000000008F = { isa = PBXBuildFile; productRef = 00000000000000000000008E; };
000000000000000000000090 = { isa = PBXFileReference; lastKnownFileType = text.xcconfig; path = Configuration/Debug.xcconfig; sourceTree = SOURCE_ROOT; };
000000000000000000000091 = { isa = PBXFileReference; lastKnownFileType = text.xcconfig; path = Configuration/Release.xcconfig; sourceTree = SOURCE_ROOT; };
000000000000000000000092 = { isa = PBXShellScriptBuildPhase; buildActionMask = 2147483647; files = (); inputPaths = (); outputPaths = (); alwaysOutOfDate = 1; runOnlyForDeploymentPostprocessing = 0; name = "Optional Firebase client configuration"; shellPath = /bin/sh; shellScript = "if [ -f \"${SRCROOT}/Ethica/Resources/GoogleService-Info.plist\" ]; then\n  cp \"${SRCROOT}/Ethica/Resources/GoogleService-Info.plist\" \"${TARGET_BUILD_DIR}/${UNLOCALIZED_RESOURCES_FOLDER_PATH}/GoogleService-Info.plist\"\nelse\n  rm -f \"${TARGET_BUILD_DIR}/${UNLOCALIZED_RESOURCES_FOLDER_PATH}/GoogleService-Info.plist\"\nfi\n"; };
000000000000000000000093 = { isa = PBXFileReference; lastKnownFileType = sourcecode.swift; path = EthicaWidget/EthicaWidget.swift; sourceTree = SOURCE_ROOT; };
000000000000000000000094 = { isa = PBXBuildFile; fileRef = 000000000000000000000093; };
000000000000000000000095 = { isa = PBXBuildFile; fileRef = 00000000000000000000007D; };
000000000000000000000096 = { isa = PBXFileReference; explicitFileType = "wrapper.app-extension"; path = EthicaWidget.appex; sourceTree = BUILT_PRODUCTS_DIR; };
000000000000000000000097 = { isa = PBXSourcesBuildPhase; buildActionMask = 2147483647; files = (000000000000000000000094,000000000000000000000095,); runOnlyForDeploymentPostprocessing = 0; };
000000000000000000000098 = { isa = PBXFrameworksBuildPhase; buildActionMask = 2147483647; files = (); runOnlyForDeploymentPostprocessing = 0; };
000000000000000000000099 = { isa = XCBuildConfiguration; baseConfigurationReference = 000000000000000000000090; name = Debug; buildSettings = { PRODUCT_BUNDLE_IDENTIFIER = com.ethica.preview.widget; PRODUCT_NAME = "$(TARGET_NAME)"; GENERATE_INFOPLIST_FILE = YES; INFOPLIST_FILE = EthicaWidget/Info.plist; INFOPLIST_KEY_CFBundleDisplayName = Ethica; CODE_SIGN_ENTITLEMENTS = EthicaWidget/EthicaWidget.entitlements; CODE_SIGN_STYLE = Automatic; SKIP_INSTALL = YES; TARGETED_DEVICE_FAMILY = 1; IPHONEOS_DEPLOYMENT_TARGET = 16.0; SWIFT_VERSION = 5.0; SDKROOT = iphoneos; SWIFT_ACTIVE_COMPILATION_CONDITIONS = "WIDGET_EXTENSION $(inherited)"; APPLICATION_EXTENSION_API_ONLY = YES; MARKETING_VERSION = 1.0; CURRENT_PROJECT_VERSION = 1; }; };
00000000000000000000009A = { isa = XCBuildConfiguration; baseConfigurationReference = 000000000000000000000091; name = Release; buildSettings = { PRODUCT_BUNDLE_IDENTIFIER = com.ethica.preview.widget; PRODUCT_NAME = "$(TARGET_NAME)"; GENERATE_INFOPLIST_FILE = YES; INFOPLIST_FILE = EthicaWidget/Info.plist; INFOPLIST_KEY_CFBundleDisplayName = Ethica; CODE_SIGN_ENTITLEMENTS = EthicaWidget/EthicaWidget.entitlements; CODE_SIGN_STYLE = Automatic; SKIP_INSTALL = YES; TARGETED_DEVICE_FAMILY = 1; IPHONEOS_DEPLOYMENT_TARGET = 16.0; SWIFT_VERSION = 5.0; SDKROOT = iphoneos; SWIFT_ACTIVE_COMPILATION_CONDITIONS = "WIDGET_EXTENSION $(inherited)"; APPLICATION_EXTENSION_API_ONLY = YES; MARKETING_VERSION = 1.0; CURRENT_PROJECT_VERSION = 1; }; };
00000000000000000000009B = { isa = XCConfigurationList; buildConfigurations = (000000000000000000000099,00000000000000000000009A,); defaultConfigurationIsVisible = 0; defaultConfigurationName = Release; };
00000000000000000000009C = { isa = PBXNativeTarget; buildConfigurationList = 00000000000000000000009B; buildPhases = (000000000000000000000097,000000000000000000000098,000000000000000000000424,); buildRules = (); dependencies = (); name = EthicaWidget; productName = EthicaWidget; productReference = 000000000000000000000096; productType = "com.apple.product-type.app-extension"; };
00000000000000000000009D = { isa = PBXContainerItemProxy; containerPortal = 000000000000000000000001; proxyType = 1; remoteGlobalIDString = 00000000000000000000009C; remoteInfo = EthicaWidget; };
00000000000000000000009E = { isa = PBXTargetDependency; target = 00000000000000000000009C; targetProxy = 00000000000000000000009D; };
00000000000000000000009F = { isa = PBXBuildFile; fileRef = 000000000000000000000096; settings = {ATTRIBUTES = (RemoveHeadersOnCopy,);}; };
0000000000000000000000A0 = { isa = PBXCopyFilesBuildPhase; buildActionMask = 2147483647; dstPath = ""; dstSubfolderSpec = 13; files = (00000000000000000000009F,); name = "Embed App Extensions"; runOnlyForDeploymentPostprocessing = 0; };

000000000000000000000259 = { isa = PBXFileReference; lastKnownFileType = sourcecode.swift; path = EthicaTests/APIClientTests.swift; sourceTree = SOURCE_ROOT; };
00000000000000000000025A = { isa = PBXBuildFile; fileRef = 000000000000000000000259; };
00000000000000000000025B = { isa = PBXSourcesBuildPhase; buildActionMask = 2147483647; files = (00000000000000000000025A,); runOnlyForDeploymentPostprocessing = 0; };
00000000000000000000025C = { isa = PBXFrameworksBuildPhase; buildActionMask = 2147483647; files = (); runOnlyForDeploymentPostprocessing = 0; };
00000000000000000000025D = { isa = PBXFileReference; explicitFileType = wrapper.cfbundle; path = EthicaTests.xctest; sourceTree = BUILT_PRODUCTS_DIR; };
00000000000000000000025E = { isa = PBXContainerItemProxy; containerPortal = 000000000000000000000001; proxyType = 1; remoteGlobalIDString = 000000000000000000000046; remoteInfo = Ethica; };
00000000000000000000025F = { isa = PBXTargetDependency; target = 000000000000000000000046; targetProxy = 00000000000000000000025E; };
000000000000000000000260 = { isa = XCBuildConfiguration; name = Debug; buildSettings = { PRODUCT_BUNDLE_IDENTIFIER = com.ethica.preview.tests; PRODUCT_NAME = "$(TARGET_NAME)"; GENERATE_INFOPLIST_FILE = YES; SDKROOT = iphoneos; SWIFT_VERSION = 5.0; IPHONEOS_DEPLOYMENT_TARGET = 16.0; TARGETED_DEVICE_FAMILY = 1; TEST_HOST = "$(BUILT_PRODUCTS_DIR)/Ethica.app/$(BUNDLE_EXECUTABLE_FOLDER_PATH)/Ethica"; BUNDLE_LOADER = "$(TEST_HOST)"; CODE_SIGN_STYLE = Automatic; }; };
000000000000000000000261 = { isa = XCBuildConfiguration; name = Release; buildSettings = { PRODUCT_BUNDLE_IDENTIFIER = com.ethica.preview.tests; PRODUCT_NAME = "$(TARGET_NAME)"; GENERATE_INFOPLIST_FILE = YES; SDKROOT = iphoneos; SWIFT_VERSION = 5.0; IPHONEOS_DEPLOYMENT_TARGET = 16.0; TARGETED_DEVICE_FAMILY = 1; TEST_HOST = "$(BUILT_PRODUCTS_DIR)/Ethica.app/$(BUNDLE_EXECUTABLE_FOLDER_PATH)/Ethica"; BUNDLE_LOADER = "$(TEST_HOST)"; CODE_SIGN_STYLE = Automatic; }; };
000000000000000000000262 = { isa = XCConfigurationList; buildConfigurations = (000000000000000000000260,000000000000000000000261,); defaultConfigurationIsVisible = 0; defaultConfigurationName = Release; };
000000000000000000000263 = { isa = PBXNativeTarget; buildConfigurationList = 000000000000000000000262; buildPhases = (00000000000000000000025B,00000000000000000000025C,); buildRules = (); dependencies = (00000000000000000000025F,); name = EthicaTests; productName = EthicaTests; productReference = 00000000000000000000025D; productType = "com.apple.product-type.bundle.unit-test"; };
000000000000000000000320 = { isa = PBXFileReference; lastKnownFileType = sourcecode.swift; path = Live/AppShortcuts.swift; sourceTree = "<group>"; };
000000000000000000000321 = { isa = PBXBuildFile; fileRef = 000000000000000000000320; };
000000000000000000000400 = { isa = PBXFileReference; lastKnownFileType = sourcecode.swift; path = Live/OnboardingPresentation.swift; sourceTree = "<group>"; };
000000000000000000000401 = { isa = PBXBuildFile; fileRef = 000000000000000000000400; };
000000000000000000000402 = { isa = PBXFileReference; lastKnownFileType = sourcecode.swift; path = Live/OnboardingPreview.swift; sourceTree = "<group>"; };
000000000000000000000403 = { isa = PBXBuildFile; fileRef = 000000000000000000000402; };
000000000000000000000404 = { isa = PBXFileReference; lastKnownFileType = sourcecode.swift; path = Live/InsightsArchiveDesign.swift; sourceTree = "<group>"; };
000000000000000000000405 = { isa = PBXBuildFile; fileRef = 000000000000000000000404; };
000000000000000000000406 = { isa = PBXFileReference; lastKnownFileType = image.png; path = Resources/archive-truth.png; sourceTree = "<group>"; };
000000000000000000000407 = { isa = PBXBuildFile; fileRef = 000000000000000000000406; };
000000000000000000000408 = { isa = PBXFileReference; lastKnownFileType = image.png; path = Resources/archive-garden.png; sourceTree = "<group>"; };
000000000000000000000409 = { isa = PBXBuildFile; fileRef = 000000000000000000000408; };
000000000000000000000410 = { isa = PBXFileReference; lastKnownFileType = folder.assetcatalog; path = Resources/LoginAssets.xcassets; sourceTree = "<group>"; };
000000000000000000000411 = { isa = PBXBuildFile; fileRef = 000000000000000000000410; };
000000000000000000000420 = { isa = PBXFileReference; lastKnownFileType = text.xml; path = Resources/PrivacyInfo.xcprivacy; sourceTree = "<group>"; };
000000000000000000000421 = { isa = PBXBuildFile; fileRef = 000000000000000000000420; };
000000000000000000000422 = { isa = PBXFileReference; lastKnownFileType = text.xml; path = EthicaWidget/PrivacyInfo.xcprivacy; sourceTree = SOURCE_ROOT; };
000000000000000000000423 = { isa = PBXBuildFile; fileRef = 000000000000000000000422; };
000000000000000000000424 = { isa = PBXResourcesBuildPhase; buildActionMask = 2147483647; files = (000000000000000000000423,); runOnlyForDeploymentPostprocessing = 0; };

000000000000000000000559 = { isa = PBXFileReference; lastKnownFileType = sourcecode.swift; path = EthicaUITests/NavigationFlowTests.swift; sourceTree = SOURCE_ROOT; };
00000000000000000000055A = { isa = PBXBuildFile; fileRef = 000000000000000000000559; };
00000000000000000000055B = { isa = PBXSourcesBuildPhase; buildActionMask = 2147483647; files = (00000000000000000000055A,); runOnlyForDeploymentPostprocessing = 0; };
00000000000000000000055C = { isa = PBXFrameworksBuildPhase; buildActionMask = 2147483647; files = (); runOnlyForDeploymentPostprocessing = 0; };
00000000000000000000055D = { isa = PBXFileReference; explicitFileType = wrapper.cfbundle; path = EthicaUITests.xctest; sourceTree = BUILT_PRODUCTS_DIR; };
00000000000000000000055E = { isa = PBXContainerItemProxy; containerPortal = 000000000000000000000001; proxyType = 1; remoteGlobalIDString = 000000000000000000000046; remoteInfo = Ethica; };
00000000000000000000055F = { isa = PBXTargetDependency; target = 000000000000000000000046; targetProxy = 00000000000000000000055E; };
000000000000000000000560 = { isa = XCBuildConfiguration; name = Debug; buildSettings = { PRODUCT_BUNDLE_IDENTIFIER = com.ethica.preview.uitests; PRODUCT_NAME = "$(TARGET_NAME)"; GENERATE_INFOPLIST_FILE = YES; SDKROOT = iphoneos; SWIFT_VERSION = 5.0; IPHONEOS_DEPLOYMENT_TARGET = 16.0; TARGETED_DEVICE_FAMILY = 1; TEST_TARGET_NAME = Ethica; CODE_SIGN_STYLE = Automatic; }; };
000000000000000000000561 = { isa = XCBuildConfiguration; name = Release; buildSettings = { PRODUCT_BUNDLE_IDENTIFIER = com.ethica.preview.uitests; PRODUCT_NAME = "$(TARGET_NAME)"; GENERATE_INFOPLIST_FILE = YES; SDKROOT = iphoneos; SWIFT_VERSION = 5.0; IPHONEOS_DEPLOYMENT_TARGET = 16.0; TARGETED_DEVICE_FAMILY = 1; TEST_TARGET_NAME = Ethica; CODE_SIGN_STYLE = Automatic; }; };
000000000000000000000562 = { isa = XCConfigurationList; buildConfigurations = (000000000000000000000560,000000000000000000000561,); defaultConfigurationIsVisible = 0; defaultConfigurationName = Release; };
000000000000000000000563 = { isa = PBXNativeTarget; buildConfigurationList = 000000000000000000000562; buildPhases = (00000000000000000000055B,00000000000000000000055C,); buildRules = (); dependencies = (00000000000000000000055F,); name = EthicaUITests; productName = EthicaUITests; productReference = 00000000000000000000055D; productType = "com.apple.product-type.bundle.ui-testing"; };
}; rootObject = 000000000000000000000001; }
